
Microsoft Visual Studio Solution File, Format Version 12.00
# Visual Studio Version 17
VisualStudioVersion = 17.0.31903.59
MinimumVisualStudioVersion = 10.0.40219.1
Project("{FAE04EC0-301F-11D3-BF4B-00C04F79EFBC}") = "OldPhoneInputText", "OldPhoneInputText.csproj", "{F5A0F0A7-9B35-4D08-8E64-28332AB22CC6}"
EndProject
Project("{FAE04EC0-301F-11D3-BF4B-00C04F79EFBC}") = "OldPhoneInputText.Tests", "OldPhoneInputText.Tests\OldPhoneInputText.Tests.csproj", "{FE92F5CD-EBAF-4A12-821A-AA09AC2D2356}"
EndProject
Global
	GlobalSection(SolutionConfigurationPlatforms) = preSolution
		Debug|Any CPU = Debug|Any CPU
		Release|Any CPU = Release|Any CPU
	EndGlobalSection
	GlobalSection(SolutionProperties) = preSolution
		HideSolutionNode = FALSE
	EndGlobalSection
	GlobalSection(ProjectConfigurationPlatforms) = postSolution
		{F5A0F0A7-9B35-4D08-8E64-28332AB22CC6}.Debug|Any CPU.ActiveCfg = Debug|Any CPU
		{F5A0F0A7-9B35-4D08-8E64-28332AB22CC6}.Debug|Any CPU.Build.0 = Debug|Any CPU
		{F5A0F0A7-9B35-4D08-8E64-28332AB22CC6}.Release|Any CPU.ActiveCfg = Release|Any CPU
		{F5A0F0A7-9B35-4D08-8E64-28332AB22CC6}.Release|Any CPU.Build.0 = Release|Any CPU
		{FE92F5CD-EBAF-4A12-821A-AA09AC2D2356}.Debug|Any CPU.ActiveCfg = Debug|Any CPU
		{FE92F5CD-EBAF-4A12-821A-AA09AC2D2356}.Debug|Any CPU.Build.0 = Debug|Any CPU
		{FE92F5CD-EBAF-4A12-821A-AA09AC2D2356}.Release|Any CPU.ActiveCfg = Release|Any CPU
		{FE92F5CD-EBAF-4A12-821A-AA09AC2D2356}.Release|Any CPU.Build.0 = Release|Any CPU
	EndGlobalSection
EndGlobal
